Microsoft Visual Studio Solution File, Format Version 12.00
# Visual Studio 2012
Project("{FAE04EC0-301F-11D3-BF4B-00C04F79EFBC}") = "ResourceGatherGame", "ResourceGatherGame.csproj", "{993A94BC-06BE-47CC-B906-4F35F5224D4C}"
EndProject
Global
	GlobalSection(SolutionConfigurationPlatforms) = preSolution
	Debug|Any CPU = Debug|Any CPU
	ExportDebug|Any CPU = ExportDebug|Any CPU
	ExportRelease|Any CPU = ExportRelease|Any CPU
	EndGlobalSection
	GlobalSection(ProjectConfigurationPlatforms) = postSolution
		{993A94BC-06BE-47CC-B906-4F35F5224D4C}.Debug|Any CPU.ActiveCfg = Debug|Any CPU
		{993A94BC-06BE-47CC-B906-4F35F5224D4C}.Debug|Any CPU.Build.0 = Debug|Any CPU
		{993A94BC-06BE-47CC-B906-4F35F5224D4C}.ExportDebug|Any CPU.ActiveCfg = ExportDebug|Any CPU
		{993A94BC-06BE-47CC-B906-4F35F5224D4C}.ExportDebug|Any CPU.Build.0 = ExportDebug|Any CPU
		{993A94BC-06BE-47CC-B906-4F35F5224D4C}.ExportRelease|Any CPU.ActiveCfg = ExportRelease|Any CPU
		{993A94BC-06BE-47CC-B906-4F35F5224D4C}.ExportRelease|Any CPU.Build.0 = ExportRelease|Any CPU
	EndGlobalSection
EndGlobal
